
Microsoft Visual Studio Solution File, Format Version 12.00
# Visual Studio Version 17
VisualStudioVersion = 17.1.32210.238
MinimumVisualStudioVersion = 10.0.40219.1
Project("{9A19103F-16F7-4668-BE54-9A1E7A4F7556}") = "MZBase.Domain", "MZBase.Domain\MZBase.Domain.csproj", "{610233EF-B5E4-4607-99E8-CC96560A0DCB}"
EndProject
Project("{9A19103F-16F7-4668-BE54-9A1E7A4F7556}") = "MZBase.EntityFrameworkCore", "MZBase.EntityFrameworkCore\MZBase.EntityFrameworkCore.csproj", "{982E963B-7419-40A8-A3B6-336C47A90E46}"
EndProject
Project("{9A19103F-16F7-4668-BE54-9A1E7A4F7556}") = "MZBase.Infrastructure", "MZBase.Infrastructure\MZBase.Infrastructure.csproj", "{70E35186-8D0C-4F48-BFAD-6941126FD426}"
EndProject
Project("{9A19103F-16F7-4668-BE54-9A1E7A4F7556}") = "MZBase.Microservices", "MZBase.Microservices\MZBase.Microservices.csproj", "{5092F2C9-C512-4D6F-BA78-A0E364A6C0BF}"
EndProject
Project("{9A19103F-16F7-4668-BE54-9A1E7A4F7556}") = "MZBase.Test", "MZBase.Test\MZBase.Test.csproj", "{E1984FC1-03EC-4F9B-8C6A-C9B3685E97BB}"
EndProject
Project("{FAE04EC0-301F-11D3-BF4B-00C04F79EFBC}") = "MZBase.EntityFrameworkCore.Sql", "MZBase.EntityFrameworkCore.Sql\MZBase.EntityFrameworkCore.Sql.csproj", "{2EA76DFA-A4E1-4BB8-AA1C-C9A7097A15D4}"
EndProject
Project("{2150E333-8FDC-42A3-9474-1A3956D46DE8}") = "workflows", "workflows", "{02EA681E-C7D8-13C7-8484-4AC65E1B71E8}"
	ProjectSection(SolutionItems) = preProject
		.github\workflows\manual_publish-mzbase-domain.yaml = .github\workflows\manual_publish-mzbase-domain.yaml
		.github\workflows\manual_publish-mzbase-entityframeworkcore-sql.yaml = .github\workflows\manual_publish-mzbase-entityframeworkcore-sql.yaml
		.github\workflows\manual_publish-mzbase-entityframeworkcore.yaml = .github\workflows\manual_publish-mzbase-entityframeworkcore.yaml
		.github\workflows\manual_publish-mzbase-infrastructure.yaml = .github\workflows\manual_publish-mzbase-infrastructure.yaml
		.github\workflows\manual_publish-mzbase-microservice.yaml = .github\workflows\manual_publish-mzbase-microservice.yaml
		.github\workflows\manual_publish-mzbase-test.yaml = .github\workflows\manual_publish-mzbase-test.yaml
		.github\workflows\publish-mzbase-domain.yaml = .github\workflows\publish-mzbase-domain.yaml
		.github\workflows\publish-mzbase-entityframeworkcore-sql.yaml = .github\workflows\publish-mzbase-entityframeworkcore-sql.yaml
		.github\workflows\publish-mzbase-entityframeworkcore.yaml = .github\workflows\publish-mzbase-entityframeworkcore.yaml
		.github\workflows\publish-mzbase-infrastructure.yaml = .github\workflows\publish-mzbase-infrastructure.yaml
		.github\workflows\publish-mzbase-microservice.yaml = .github\workflows\publish-mzbase-microservice.yaml
		.github\workflows\publish-mzbase-test.yaml = .github\workflows\publish-mzbase-test.yaml
	EndProjectSection
EndProject
Global
	GlobalSection(SolutionConfigurationPlatforms) = preSolution
		Debug|Any CPU = Debug|Any CPU
		Release|Any CPU = Release|Any CPU
	EndGlobalSection
	GlobalSection(ProjectConfigurationPlatforms) = postSolution
		{610233EF-B5E4-4607-99E8-CC96560A0DCB}.Debug|Any CPU.ActiveCfg = Debug|Any CPU
		{610233EF-B5E4-4607-99E8-CC96560A0DCB}.Debug|Any CPU.Build.0 = Debug|Any CPU
		{610233EF-B5E4-4607-99E8-CC96560A0DCB}.Release|Any CPU.ActiveCfg = Release|Any CPU
		{610233EF-B5E4-4607-99E8-CC96560A0DCB}.Release|Any CPU.Build.0 = Release|Any CPU
		{982E963B-7419-40A8-A3B6-336C47A90E46}.Debug|Any CPU.ActiveCfg = Debug|Any CPU
		{982E963B-7419-40A8-A3B6-336C47A90E46}.Debug|Any CPU.Build.0 = Debug|Any CPU
		{982E963B-7419-40A8-A3B6-336C47A90E46}.Release|Any CPU.ActiveCfg = Release|Any CPU
		{982E963B-7419-40A8-A3B6-336C47A90E46}.Release|Any CPU.Build.0 = Release|Any CPU
		{70E35186-8D0C-4F48-BFAD-6941126FD426}.Debug|Any CPU.ActiveCfg = Debug|Any CPU
		{70E35186-8D0C-4F48-BFAD-6941126FD426}.Debug|Any CPU.Build.0 = Debug|Any CPU
		{70E35186-8D0C-4F48-BFAD-6941126FD426}.Release|Any CPU.ActiveCfg = Release|Any CPU
		{70E35186-8D0C-4F48-BFAD-6941126FD426}.Release|Any CPU.Build.0 = Release|Any CPU
		{5092F2C9-C512-4D6F-BA78-A0E364A6C0BF}.Debug|Any CPU.ActiveCfg = Debug|Any CPU
		{5092F2C9-C512-4D6F-BA78-A0E364A6C0BF}.Debug|Any CPU.Build.0 = Debug|Any CPU
		{5092F2C9-C512-4D6F-BA78-A0E364A6C0BF}.Release|Any CPU.ActiveCfg = Release|Any CPU
		{5092F2C9-C512-4D6F-BA78-A0E364A6C0BF}.Release|Any CPU.Build.0 = Release|Any CPU
		{E1984FC1-03EC-4F9B-8C6A-C9B3685E97BB}.Debug|Any CPU.ActiveCfg = Debug|Any CPU
		{E1984FC1-03EC-4F9B-8C6A-C9B3685E97BB}.Debug|Any CPU.Build.0 = Debug|Any CPU
		{E1984FC1-03EC-4F9B-8C6A-C9B3685E97BB}.Release|Any CPU.ActiveCfg = Release|Any CPU
		{E1984FC1-03EC-4F9B-8C6A-C9B3685E97BB}.Release|Any CPU.Build.0 = Release|Any CPU
		{2EA76DFA-A4E1-4BB8-AA1C-C9A7097A15D4}.Debug|Any CPU.ActiveCfg = Debug|Any CPU
		{2EA76DFA-A4E1-4BB8-AA1C-C9A7097A15D4}.Debug|Any CPU.Build.0 = Debug|Any CPU
		{2EA76DFA-A4E1-4BB8-AA1C-C9A7097A15D4}.Release|Any CPU.ActiveCfg = Release|Any CPU
		{2EA76DFA-A4E1-4BB8-AA1C-C9A7097A15D4}.Release|Any CPU.Build.0 = Release|Any CPU
	EndGlobalSection
	GlobalSection(SolutionProperties) = preSolution
		HideSolutionNode = FALSE
	EndGlobalSection
	GlobalSection(ExtensibilityGlobals) = postSolution
		SolutionGuid = {87D697FB-6CFE-4E7B-B432-BEEE32035EAA}
	EndGlobalSection
EndGlobal
